github.com/emersion/go-sasl v0.0.0-20200509203442-7bfe0ed36a21/go.mod h1:iL2twTeMvZnrg54ZoPDNfJaJaqy0xIQFuBdrLsmspwQ=
github.com/emersion/go-sasl v0.0.0-20211008083017-0b9dcfb154ac h1:tn/OQ2PmwQ0XFVgAHfjlLyqMewry25Rz7jWnVoh4Ggs=
github.com/emersion/go-sasl v0.0.0-20211008083017-0b9dcfb154ac/go.mod h1:iL2twTeMvZnrg54ZoPDNfJaJaqy0xIQFuBdrLsmspwQ=
github.com/emersion/go-smtp v0.15.0 h1:3+hMGMGrqP/lqd7qoxZc1hTU8LY8gHV9RFGWlqSDmP8=
github.com/emersion/go-smtp v0.15.0/go.mod h1:qm27SGYgoIPRot6ubfQ/GpiPy/g3PaZAVRxiO/sDUgQ=
